
Microsoft Visual Studio Solution File, Format Version 12.00
# Visual Studio Version 17
VisualStudioVersion = 17.0.31903.59
MinimumVisualStudioVersion = 10.0.40219.1
Project("{2150E333-8FDC-42A3-9474-1A3956D46DE8}") = "src", "src", "{809E6210-9103-4155-8D19-4EFF1DB1B080}"
EndProject
Project("{FAE04EC0-301F-11D3-BF4B-00C04F79EFBC}") = "CsvToOfx.Core", "src\CsvToOfx.Core\CsvToOfx.Core.csproj", "{3904599D-3371-4E32-8A4D-199B4455BA3D}"
EndProject
Project("{FAE04EC0-301F-11D3-BF4B-00C04F79EFBC}") = "CsvToOfx.Parsers", "src\CsvToOfx.Parsers\CsvToOfx.Parsers.csproj", "{9CA2909A-1983-407B-9D48-9A2C1EF733DC}"
EndProject
Project("{FAE04EC0-301F-11D3-BF4B-00C04F79EFBC}") = "CsvToOfx.Writers.Ofx", "src\CsvToOfx.Writers.Ofx\CsvToOfx.Writers.Ofx.csproj", "{79849BB8-AB78-44C5-91B5-01373CB1E276}"
EndProject
Project("{FAE04EC0-301F-11D3-BF4B-00C04F79EFBC}") = "CsvToOfx.Writers.Qif", "src\CsvToOfx.Writers.Qif\CsvToOfx.Writers.Qif.csproj", "{BC244A59-C3F5-413F-B350-0EEE10573E6F}"
EndProject
Project("{FAE04EC0-301F-11D3-BF4B-00C04F79EFBC}") = "CsvToOfx.Cli", "src\CsvToOfx.Cli\CsvToOfx.Cli.csproj", "{68EF16FD-83F2-4F9D-A4A0-5DEE08D70AEC}"
EndProject
Project("{2150E333-8FDC-42A3-9474-1A3956D46DE8}") = "tests", "tests", "{6A01FB27-F518-4365-AB55-7D1898CEED3D}"
EndProject
Project("{FAE04EC0-301F-11D3-BF4B-00C04F79EFBC}") = "CsvToOfx.Core.Tests", "tests\CsvToOfx.Core.Tests\CsvToOfx.Core.Tests.csproj", "{B9F908B1-74B8-4420-8B06-3DEC5B38847D}"
EndProject
Project("{FAE04EC0-301F-11D3-BF4B-00C04F79EFBC}") = "CsvToOfx.Parsers.Tests", "tests\CsvToOfx.Parsers.Tests\CsvToOfx.Parsers.Tests.csproj", "{BEEE6E93-4F0E-4EB9-842E-839F9E225AE1}"
EndProject
Project("{FAE04EC0-301F-11D3-BF4B-00C04F79EFBC}") = "CsvToOfx.Writers.Tests", "tests\CsvToOfx.Writers.Tests\CsvToOfx.Writers.Tests.csproj", "{0E04B7C2-2B3E-40A2-91FB-87361D9C1743}"
EndProject
Project("{FAE04EC0-301F-11D3-BF4B-00C04F79EFBC}") = "Csv2Ofx.Gui", "src\Csv2Ofx.Gui\Csv2Ofx.Gui.csproj", "{47CFDAC8-3576-4062-8C75-74E3C83A52B8}"
EndProject
Global
	GlobalSection(SolutionConfigurationPlatforms) = preSolution
		Debug|Any CPU = Debug|Any CPU
		Release|Any CPU = Release|Any CPU
	EndGlobalSection
	GlobalSection(SolutionProperties) = preSolution
		HideSolutionNode = FALSE
	EndGlobalSection
	GlobalSection(ProjectConfigurationPlatforms) = postSolution
		{3904599D-3371-4E32-8A4D-199B4455BA3D}.Debug|Any CPU.ActiveCfg = Debug|Any CPU
		{3904599D-3371-4E32-8A4D-199B4455BA3D}.Debug|Any CPU.Build.0 = Debug|Any CPU
		{3904599D-3371-4E32-8A4D-199B4455BA3D}.Release|Any CPU.ActiveCfg = Release|Any CPU
		{3904599D-3371-4E32-8A4D-199B4455BA3D}.Release|Any CPU.Build.0 = Release|Any CPU
		{9CA2909A-1983-407B-9D48-9A2C1EF733DC}.Debug|Any CPU.ActiveCfg = Debug|Any CPU
		{9CA2909A-1983-407B-9D48-9A2C1EF733DC}.Debug|Any CPU.Build.0 = Debug|Any CPU
		{9CA2909A-1983-407B-9D48-9A2C1EF733DC}.Release|Any CPU.ActiveCfg = Release|Any CPU
		{9CA2909A-1983-407B-9D48-9A2C1EF733DC}.Release|Any CPU.Build.0 = Release|Any CPU
		{79849BB8-AB78-44C5-91B5-01373CB1E276}.Debug|Any CPU.ActiveCfg = Debug|Any CPU
		{79849BB8-AB78-44C5-91B5-01373CB1E276}.Debug|Any CPU.Build.0 = Debug|Any CPU
		{79849BB8-AB78-44C5-91B5-01373CB1E276}.Release|Any CPU.ActiveCfg = Release|Any CPU
		{79849BB8-AB78-44C5-91B5-01373CB1E276}.Release|Any CPU.Build.0 = Release|Any CPU
		{BC244A59-C3F5-413F-B350-0EEE10573E6F}.Debug|Any CPU.ActiveCfg = Debug|Any CPU
		{BC244A59-C3F5-413F-B350-0EEE10573E6F}.Debug|Any CPU.Build.0 = Debug|Any CPU
		{BC244A59-C3F5-413F-B350-0EEE10573E6F}.Release|Any CPU.ActiveCfg = Release|Any CPU
		{BC244A59-C3F5-413F-B350-0EEE10573E6F}.Release|Any CPU.Build.0 = Release|Any CPU
		{68EF16FD-83F2-4F9D-A4A0-5DEE08D70AEC}.Debug|Any CPU.ActiveCfg = Debug|Any CPU
		{68EF16FD-83F2-4F9D-A4A0-5DEE08D70AEC}.Debug|Any CPU.Build.0 = Debug|Any CPU
		{68EF16FD-83F2-4F9D-A4A0-5DEE08D70AEC}.Release|Any CPU.ActiveCfg = Release|Any CPU
		{68EF16FD-83F2-4F9D-A4A0-5DEE08D70AEC}.Release|Any CPU.Build.0 = Release|Any CPU
		{B9F908B1-74B8-4420-8B06-3DEC5B38847D}.Debug|Any CPU.ActiveCfg = Debug|Any CPU
		{B9F908B1-74B8-4420-8B06-3DEC5B38847D}.Debug|Any CPU.Build.0 = Debug|Any CPU
		{B9F908B1-74B8-4420-8B06-3DEC5B38847D}.Release|Any CPU.ActiveCfg = Release|Any CPU
		{B9F908B1-74B8-4420-8B06-3DEC5B38847D}.Release|Any CPU.Build.0 = Release|Any CPU
		{BEEE6E93-4F0E-4EB9-842E-839F9E225AE1}.Debug|Any CPU.ActiveCfg = Debug|Any CPU
		{BEEE6E93-4F0E-4EB9-842E-839F9E225AE1}.Debug|Any CPU.Build.0 = Debug|Any CPU
		{BEEE6E93-4F0E-4EB9-842E-839F9E225AE1}.Release|Any CPU.ActiveCfg = Release|Any CPU
		{BEEE6E93-4F0E-4EB9-842E-839F9E225AE1}.Release|Any CPU.Build.0 = Release|Any CPU
		{0E04B7C2-2B3E-40A2-91FB-87361D9C1743}.Debug|Any CPU.ActiveCfg = Debug|Any CPU
		{0E04B7C2-2B3E-40A2-91FB-87361D9C1743}.Debug|Any CPU.Build.0 = Debug|Any CPU
		{0E04B7C2-2B3E-40A2-91FB-87361D9C1743}.Release|Any CPU.ActiveCfg = Release|Any CPU
		{0E04B7C2-2B3E-40A2-91FB-87361D9C1743}.Release|Any CPU.Build.0 = Release|Any CPU
		{47CFDAC8-3576-4062-8C75-74E3C83A52B8}.Debug|Any CPU.ActiveCfg = Debug|Any CPU
		{47CFDAC8-3576-4062-8C75-74E3C83A52B8}.Debug|Any CPU.Build.0 = Debug|Any CPU
		{47CFDAC8-3576-4062-8C75-74E3C83A52B8}.Release|Any CPU.ActiveCfg = Release|Any CPU
		{47CFDAC8-3576-4062-8C75-74E3C83A52B8}.Release|Any CPU.Build.0 = Release|Any CPU
	EndGlobalSection
	GlobalSection(NestedProjects) = preSolution
		{3904599D-3371-4E32-8A4D-199B4455BA3D} = {809E6210-9103-4155-8D19-4EFF1DB1B080}
		{9CA2909A-1983-407B-9D48-9A2C1EF733DC} = {809E6210-9103-4155-8D19-4EFF1DB1B080}
		{79849BB8-AB78-44C5-91B5-01373CB1E276} = {809E6210-9103-4155-8D19-4EFF1DB1B080}
		{BC244A59-C3F5-413F-B350-0EEE10573E6F} = {809E6210-9103-4155-8D19-4EFF1DB1B080}
		{68EF16FD-83F2-4F9D-A4A0-5DEE08D70AEC} = {809E6210-9103-4155-8D19-4EFF1DB1B080}
		{B9F908B1-74B8-4420-8B06-3DEC5B38847D} = {6A01FB27-F518-4365-AB55-7D1898CEED3D}
		{BEEE6E93-4F0E-4EB9-842E-839F9E225AE1} = {6A01FB27-F518-4365-AB55-7D1898CEED3D}
		{0E04B7C2-2B3E-40A2-91FB-87361D9C1743} = {6A01FB27-F518-4365-AB55-7D1898CEED3D}
		{47CFDAC8-3576-4062-8C75-74E3C83A52B8} = {809E6210-9103-4155-8D19-4EFF1DB1B080}
	EndGlobalSection
EndGlobal
